{
  "name": "user-management-system",
  "lockfileVersion": 3,
  "requires": true,
  "packages": {
    "": {
      "dependencies": {
        "jquery.csrf": "^0.1.2"
      }
    },
    "node_modules/jquery.csrf": {
      "version": "0.1.2",
      "resolved": "https://registry.npmjs.org/jquery.csrf/-/jquery.csrf-0.1.2.tgz",
      "integrity": "sha512-2+KrcVmeLOl4qJPkPYK8y60xziVIXCSjUl/XbodRpU+HUrYSw6ysasMO0ebQ/XODLcovFfog9t5mB3zH2cpF7Q=="
    }
  }
}
